// !$*UTF8*$!
{
	archiveVersion = 1;
	classes = {
	};
	objectVersion = 56;
	objects = {

/* Begin PBXBuildFile section */
		04AC76F62D6E23DA00F0D460 /* AppDelegate.swift in Sources */ = {isa = PBXBuildFile; fileRef = 04AC76F52D6E23DA00F0D460 /* AppDelegate.swift */; };
		04AC76F82D6E23DA00F0D460 /* SceneDelegate.swift in Sources */ = {isa = PBXBuildFile; fileRef = 04AC76F72D6E23DA00F0D460 /* SceneDelegate.swift */; };
		04AC76FA2D6E23DA00F0D460 /* HomeViewController.swift in Sources */ = {isa = PBXBuildFile; fileRef = 04AC76F92D6E23DA00F0D460 /* HomeViewController.swift */; };
		04AC76FD2D6E23DA00F0D460 /* Main.storyboard in Resources */ = {isa = PBXBuildFile; fileRef = 04AC76FB2D6E23DA00F0D460 /* Main.storyboard */; };
		04AC76FF2D6E23DC00F0D460 /* Assets.xcassets in Resources */ = {isa = PBXBuildFile; fileRef = 04AC76FE2D6E23DC00F0D460 /* Assets.xcassets */; };
		04AC77022D6E23DC00F0D460 /* LaunchScreen.storyboard in Resources */ = {isa = PBXBuildFile; fileRef = 04AC77002D6E23DC00F0D460 /* LaunchScreen.storyboard */; };
		04BDE94E2D7058060063CA1D /* DetailsCollectionViewCell.swift in Sources */ = {isa = PBXBuildFile; fileRef = 04BDE94D2D7058060063CA1D /* DetailsCollectionViewCell.swift */; };
		04BDE9502D70707F0063CA1D /* CastCollectionViewCell.swift in Sources */ = {isa = PBXBuildFile; fileRef = 04BDE94F2D70707F0063CA1D /* CastCollectionViewCell.swift */; };
		04F1E9962D6EDFE800256C16 /* MovieCollectionViewCell.swift in Sources */ = {isa = PBXBuildFile; fileRef = 04F1E9942D6EDFE800256C16 /* MovieCollectionViewCell.swift */; };
		04F1E9972D6EDFE800256C16 /* MovieCollectionViewCell.xib in Resources */ = {isa = PBXBuildFile; fileRef = 04F1E9952D6EDFE800256C16 /* MovieCollectionViewCell.xib */; };
		04F1E99C2D6EF9C000256C16 /* Movie.swift in Sources */ = {isa = PBXBuildFile; fileRef = 04F1E99B2D6EF9C000256C16 /* Movie.swift */; };
		04F1E99E2D6EF9EB00256C16 /* MovieResponse.swift in Sources */ = {isa = PBXBuildFile; fileRef = 04F1E99D2D6EF9EB00256C16 /* MovieResponse.swift */; };
		04F1E9A12D6EFA6D00256C16 /* APIService.swift in Sources */ = {isa = PBXBuildFile; fileRef = 04F1E9A02D6EFA6D00256C16 /* APIService.swift */; };
		04F1E9A42D6EFAB400256C16 /* HomeViewModel.swift in Sources */ = {isa = PBXBuildFile; fileRef = 04F1E9A32D6EFAB400256C16 /* HomeViewModel.swift */; };
		04F1E9A62D6EFAED00256C16 /* MovieDetailsViewModel.swift in Sources */ = {isa = PBXBuildFile; fileRef = 04F1E9A52D6EFAED00256C16 /* MovieDetailsViewModel.swift */; };
		04F1E9A92D6EFB3E00256C16 /* NetworkError.swift in Sources */ = {isa = PBXBuildFile; fileRef = 04F1E9A82D6EFB3E00256C16 /* NetworkError.swift */; };
		04F1E9AB2D6EFC0000256C16 /* MovieDetailsViewController.swift in Sources */ = {isa = PBXBuildFile; fileRef = 04F1E9AA2D6EFC0000256C16 /* MovieDetailsViewController.swift */; };
		04F1E9AF2D6F291A00256C16 /* CategoryCollectionViewCell.swift in Sources */ = {isa = PBXBuildFile; fileRef = 04F1E9AE2D6F291A00256C16 /* CategoryCollectionViewCell.swift */; };
		04F1E9D52D6F519100256C16 /* UIImageView+Extensions.swift in Sources */ = {isa = PBXBuildFile; fileRef = 04F1E9D42D6F519100256C16 /* UIImageView+Extensions.swift */; };
		04F1E9D82D6F876100256C16 /* MovieCategory.swift in Sources */ = {isa = PBXBuildFile; fileRef = 04F1E9D72D6F876100256C16 /* MovieCategory.swift */; };
/* End PBXBuildFile section */

/* Begin PBXFileReference section */
		04AC76F22D6E23DA00F0D460 /* CatalystMovies.app */ = {isa = PBXFileReference; explicitFileType = wrapper.application; includeInIndex = 0; path = CatalystMovies.app; sourceTree = BUILT_PRODUCTS_DIR; };
		04AC76F52D6E23DA00F0D460 /* AppDelegate.swift */ = {isa = PBXFileReference; lastKnownFileType = sourcecode.swift; path = AppDelegate.swift; sourceTree = "<group>"; };
		04AC76F72D6E23DA00F0D460 /* SceneDelegate.swift */ = {isa = PBXFileReference; lastKnownFileType = sourcecode.swift; path = SceneDelegate.swift; sourceTree = "<group>"; };
		04AC76F92D6E23DA00F0D460 /* HomeViewController.swift */ = {isa = PBXFileReference; lastKnownFileType = sourcecode.swift; path = HomeViewController.swift; sourceTree = "<group>"; };
		04AC76FC2D6E23DA00F0D460 /* Base */ = {isa = PBXFileReference; lastKnownFileType = file.storyboard; name = Base; path = Base.lproj/Main.storyboard; sourceTree = "<group>"; };
		04AC76FE2D6E23DC00F0D460 /* Assets.xcassets */ = {isa = PBXFileReference; lastKnownFileType = folder.assetcatalog; path = Assets.xcassets; sourceTree = "<group>"; };
		04AC77012D6E23DC00F0D460 /* Base */ = {isa = PBXFileReference; lastKnownFileType = file.storyboard; name = Base; path = Base.lproj/LaunchScreen.storyboard; sourceTree = "<group>"; };
		04AC77032D6E23DC00F0D460 /* Info.plist */ = {isa = PBXFileReference; lastKnownFileType = text.plist.xml; path = Info.plist; sourceTree = "<group>"; };
		04BDE94D2D7058060063CA1D /* DetailsCollectionViewCell.swift */ = {isa = PBXFileReference; lastKnownFileType = sourcecode.swift; path = DetailsCollectionViewCell.swift; sourceTree = "<group>"; };
		04BDE94F2D70707F0063CA1D /* CastCollectionViewCell.swift */ = {isa = PBXFileReference; lastKnownFileType = sourcecode.swift; path = CastCollectionViewCell.swift; sourceTree = "<group>"; };
		04F1E9942D6EDFE800256C16 /* MovieCollectionViewCell.swift */ = {isa = PBXFileReference; lastKnownFileType = sourcecode.swift; path = MovieCollectionViewCell.swift; sourceTree = "<group>"; };
		04F1E9952D6EDFE800256C16 /* MovieCollectionViewCell.xib */ = {isa = PBXFileReference; lastKnownFileType = file.xib; path = MovieCollectionViewCell.xib; sourceTree = "<group>"; };
		04F1E99B2D6EF9C000256C16 /* Movie.swift */ = {isa = PBXFileReference; lastKnownFileType = sourcecode.swift; path = Movie.swift; sourceTree = "<group>"; };
		04F1E99D2D6EF9EB00256C16 /* MovieResponse.swift */ = {isa = PBXFileReference; lastKnownFileType = sourcecode.swift; path = MovieResponse.swift; sourceTree = "<group>"; };
		04F1E9A02D6EFA6D00256C16 /* APIService.swift */ = {isa = PBXFileReference; lastKnownFileType = sourcecode.swift; path = APIService.swift; sourceTree = "<group>"; };
		04F1E9A32D6EFAB400256C16 /* HomeViewModel.swift */ = {isa = PBXFileReference; lastKnownFileType = sourcecode.swift; path = HomeViewModel.swift; sourceTree = "<group>"; };
		04F1E9A52D6EFAED00256C16 /* MovieDetailsViewModel.swift */ = {isa = PBXFileReference; lastKnownFileType = sourcecode.swift; path = MovieDetailsViewModel.swift; sourceTree = "<group>"; };
		04F1E9A82D6EFB3E00256C16 /* NetworkError.swift */ = {isa = PBXFileReference; lastKnownFileType = sourcecode.swift; path = NetworkError.swift; sourceTree = "<group>"; };
		04F1E9AA2D6EFC0000256C16 /* MovieDetailsViewController.swift */ = {isa = PBXFileReference; lastKnownFileType = sourcecode.swift; path = MovieDetailsViewController.swift; sourceTree = "<group>"; };
		04F1E9AE2D6F291A00256C16 /* CategoryCollectionViewCell.swift */ = {isa = PBXFileReference; lastKnownFileType = sourcecode.swift; path = CategoryCollectionViewCell.swift; sourceTree = "<group>"; };
		04F1E9D42D6F519100256C16 /* UIImageView+Extensions.swift */ = {isa = PBXFileReference; lastKnownFileType = sourcecode.swift; path = "UIImageView+Extensions.swift"; sourceTree = "<group>"; };
		04F1E9D72D6F876100256C16 /* MovieCategory.swift */ = {isa = PBXFileReference; lastKnownFileType = sourcecode.swift; path = MovieCategory.swift; sourceTree = "<group>"; };
/* End PBXFileReference section */

/* Begin PBXFrameworksBuildPhase section */
		04AC76EF2D6E23DA00F0D460 /* Frameworks */ = {
			isa = PBXFrameworksBuildPhase;
			buildActionMask = 2147483647;
			files = (
			);
			runOnlyForDeploymentPostprocessing = 0;
		};
/* End PBXFrameworksBuildPhase section */

/* Begin PBXGroup section */
		04AC76E92D6E23DA00F0D460 = {
			isa = PBXGroup;
			children = (
				04AC76F42D6E23DA00F0D460 /* CatalystMovies */,
				04AC76F32D6E23DA00F0D460 /* Products */,
			);
			sourceTree = "<group>";
		};
		04AC76F32D6E23DA00F0D460 /* Products */ = {
			isa = PBXGroup;
			children = (
				04AC76F22D6E23DA00F0D460 /* CatalystMovies.app */,
			);
			name = Products;
			sourceTree = "<group>";
		};
		04AC76F42D6E23DA00F0D460 /* CatalystMovies */ = {
			isa = PBXGroup;
			children = (
				04F1E9D62D6F874700256C16 /* enum */,
				04F1E9982D6EF61100256C16 /* SupportingFiles */,
				04F1E9A72D6EFAF800256C16 /* Utils */,
				04F1E99A2D6EF9A400256C16 /* Models */,
				04F1E9A22D6EFA9500256C16 /* ViewModels */,
				04F1E99F2D6EFA4400256C16 /* Networking */,
				04F1E9932D6EDFAF00256C16 /* MovieCollectionViewCell */,
				04F1E9992D6EF67200256C16 /* Controllers */,
				04AC76FB2D6E23DA00F0D460 /* Main.storyboard */,
				04AC76FE2D6E23DC00F0D460 /* Assets.xcassets */,
				04AC77002D6E23DC00F0D460 /* LaunchScreen.storyboard */,
				04AC77032D6E23DC00F0D460 /* Info.plist */,
			);
			path = CatalystMovies;
			sourceTree = "<group>";
		};
		04F1E9932D6EDFAF00256C16 /* MovieCollectionViewCell */ = {
			isa = PBXGroup;
			children = (
				04F1E9942D6EDFE800256C16 /* MovieCollectionViewCell.swift */,
				04F1E9952D6EDFE800256C16 /* MovieCollectionViewCell.xib */,
				04F1E9AE2D6F291A00256C16 /* CategoryCollectionViewCell.swift */,
				04BDE94D2D7058060063CA1D /* DetailsCollectionViewCell.swift */,
				04BDE94F2D70707F0063CA1D /* CastCollectionViewCell.swift */,
			);
			path = MovieCollectionViewCell;
			sourceTree = "<group>";
		};
		04F1E9982D6EF61100256C16 /* SupportingFiles */ = {
			isa = PBXGroup;
			children = (
				04AC76F52D6E23DA00F0D460 /* AppDelegate.swift */,
				04AC76F72D6E23DA00F0D460 /* SceneDelegate.swift */,
			);
			path = SupportingFiles;
			sourceTree = "<group>";
		};
		04F1E9992D6EF67200256C16 /* Controllers */ = {
			isa = PBXGroup;
			children = (
				04AC76F92D6E23DA00F0D460 /* HomeViewController.swift */,
				04F1E9AA2D6EFC0000256C16 /* MovieDetailsViewController.swift */,
			);
			path = Controllers;
			sourceTree = "<group>";
		};
		04F1E99A2D6EF9A400256C16 /* Models */ = {
			isa = PBXGroup;
			children = (
				04F1E99B2D6EF9C000256C16 /* Movie.swift */,
				04F1E99D2D6EF9EB00256C16 /* MovieResponse.swift */,
			);
			path = Models;
			sourceTree = "<group>";
		};
		04F1E99F2D6EFA4400256C16 /* Networking */ = {
			isa = PBXGroup;
			children = (
				04F1E9A02D6EFA6D00256C16 /* APIService.swift */,
			);
			path = Networking;
			sourceTree = "<group>";
		};
		04F1E9A22D6EFA9500256C16 /* ViewModels */ = {
			isa = PBXGroup;
			children = (
				04F1E9A32D6EFAB400256C16 /* HomeViewModel.swift */,
				04F1E9A52D6EFAED00256C16 /* MovieDetailsViewModel.swift */,
			);
			path = ViewModels;
			sourceTree = "<group>";
		};
		04F1E9A72D6EFAF800256C16 /* Utils */ = {
			isa = PBXGroup;
			children = (
				04F1E9A82D6EFB3E00256C16 /* NetworkError.swift */,
				04F1E9D42D6F519100256C16 /* UIImageView+Extensions.swift */,
			);
			path = Utils;
			sourceTree = "<group>";
		};
		04F1E9D62D6F874700256C16 /* enum */ = {
			isa = PBXGroup;
			children = (
				04F1E9D72D6F876100256C16 /* MovieCategory.swift */,
			);
			path = enum;
			sourceTree = "<group>";
		};
/* End PBXGroup section */

/* Begin PBXNativeTarget section */
		04AC76F12D6E23DA00F0D460 /* CatalystMovies */ = {
			isa = PBXNativeTarget;
			buildConfigurationList = 04AC77062D6E23DC00F0D460 /* Build configuration list for PBXNativeTarget "CatalystMovies" */;
			buildPhases = (
				04AC76EE2D6E23DA00F0D460 /* Sources */,
				04AC76EF2D6E23DA00F0D460 /* Frameworks */,
				04AC76F02D6E23DA00F0D460 /* Resources */,
			);
			buildRules = (
			);
			dependencies = (
			);
			name = CatalystMovies;
			productName = CatalystMovies;
			productReference = 04AC76F22D6E23DA00F0D460 /* CatalystMovies.app */;
			productType = "com.apple.product-type.application";
		};
/* End PBXNativeTarget section */

/* Begin PBXProject section */
		04AC76EA2D6E23DA00F0D460 /* Project object */ = {
			isa = PBXProject;
			attributes = {
				BuildIndependentTargetsInParallel = 1;
				LastSwiftUpdateCheck = 1520;
				LastUpgradeCheck = 1520;
				TargetAttributes = {
					04AC76F12D6E23DA00F0D460 = {
						CreatedOnToolsVersion = 15.2;
					};
				};
			};
			buildConfigurationList = 04AC76ED2D6E23DA00F0D460 /* Build configuration list for PBXProject "CatalystMovies" */;
			compatibilityVersion = "Xcode 14.0";
			developmentRegion = en;
			hasScannedForEncodings = 0;
			knownRegions = (
				en,
				Base,
			);
			mainGroup = 04AC76E92D6E23DA00F0D460;
			productRefGroup = 04AC76F32D6E23DA00F0D460 /* Products */;
			projectDirPath = "";
			projectRoot = "";
			targets = (
				04AC76F12D6E23DA00F0D460 /* CatalystMovies */,
			);
		};
/* End PBXProject section */

/* Begin PBXResourcesBuildPhase section */
		04AC76F02D6E23DA00F0D460 /* Resources */ = {
			isa = PBXResourcesBuildPhase;
			buildActionMask = 2147483647;
			files = (
				04AC77022D6E23DC00F0D460 /* LaunchScreen.storyboard in Resources */,
				04AC76FF2D6E23DC00F0D460 /* Assets.xcassets in Resources */,
				04AC76FD2D6E23DA00F0D460 /* Main.storyboard in Resources */,
				04F1E9972D6EDFE800256C16 /* MovieCollectionViewCell.xib in Resources */,
			);
			runOnlyForDeploymentPostprocessing = 0;
		};
/* End PBXResourcesBuildPhase section */

/* Begin PBXSourcesBuildPhase section */
		04AC76EE2D6E23DA00F0D460 /* Sources */ = {
			isa = PBXSourcesBuildPhase;
			buildActionMask = 2147483647;
			files = (
				04F1E9D52D6F519100256C16 /* UIImageView+Extensions.swift in Sources */,
				04AC76FA2D6E23DA00F0D460 /* HomeViewController.swift in Sources */,
				04BDE94E2D7058060063CA1D /* DetailsCollectionViewCell.swift in Sources */,
				04F1E9A12D6EFA6D00256C16 /* APIService.swift in Sources */,
				04AC76F62D6E23DA00F0D460 /* AppDelegate.swift in Sources */,
				04F1E9A42D6EFAB400256C16 /* HomeViewModel.swift in Sources */,
				04F1E9AF2D6F291A00256C16 /* CategoryCollectionViewCell.swift in Sources */,
				04AC76F82D6E23DA00F0D460 /* SceneDelegate.swift in Sources */,
				04F1E9AB2D6EFC0000256C16 /* MovieDetailsViewController.swift in Sources */,
				04BDE9502D70707F0063CA1D /* CastCollectionViewCell.swift in Sources */,
				04F1E9D82D6F876100256C16 /* MovieCategory.swift in Sources */,
				04F1E99E2D6EF9EB00256C16 /* MovieResponse.swift in Sources */,
				04F1E9962D6EDFE800256C16 /* MovieCollectionViewCell.swift in Sources */,
				04F1E99C2D6EF9C000256C16 /* Movie.swift in Sources */,
				04F1E9A62D6EFAED00256C16 /* MovieDetailsViewModel.swift in Sources */,
				04F1E9A92D6EFB3E00256C16 /* NetworkError.swift in Sources */,
			);
			runOnlyForDeploymentPostprocessing = 0;
		};
/* End PBXSourcesBuildPhase section */

/* Begin PBXVariantGroup section */
		04AC76FB2D6E23DA00F0D460 /* Main.storyboard */ = {
			isa = PBXVariantGroup;
			children = (
				04AC76FC2D6E23DA00F0D460 /* Base */,
			);
			name = Main.storyboard;
			sourceTree = "<group>";
		};
		04AC77002D6E23DC00F0D460 /* LaunchScreen.storyboard */ = {
			isa = PBXVariantGroup;
			children = (
				04AC77012D6E23DC00F0D460 /* Base */,
			);
			name = LaunchScreen.storyboard;
			sourceTree = "<group>";
		};
/* End PBXVariantGroup section */

/* Begin XCBuildConfiguration section */
		04AC77042D6E23DC00F0D460 /* Debug */ = {
			isa = XCBuildConfiguration;
			buildSettings = {
				ALWAYS_SEARCH_USER_PATHS = NO;
				ASSETCATALOG_COMPILER_GENERATE_SWIFT_ASSET_SYMBOL_EXTENSIONS = YES;
				CLANG_ANALYZER_NONNULL = YES;
				CLANG_ANALYZER_NUMBER_OBJECT_CONVERSION = YES_AGGRESSIVE;
				CLANG_CXX_LANGUAGE_STANDARD = "gnu++20";
				CLANG_ENABLE_MODULES = YES;
				CLANG_ENABLE_OBJC_ARC = YES;
				CLANG_ENABLE_OBJC_WEAK = YES;
				CLANG_WARN_BLOCK_CAPTURE_AUTORELEASING = YES;
				CLANG_WARN_BOOL_CONVERSION = YES;
				CLANG_WARN_COMMA = YES;
				CLANG_WARN_CONSTANT_CONVERSION = YES;
				CLANG_WARN_DEPRECATED_OBJC_IMPLEMENTATIONS = YES;
				CLANG_WARN_DIRECT_OBJC_ISA_USAGE = YES_ERROR;
				CLANG_WARN_DOCUMENTATION_COMMENTS = YES;
				CLANG_WARN_EMPTY_BODY = YES;
				CLANG_WARN_ENUM_CONVERSION = YES;
				CLANG_WARN_INFINITE_RECURSION = YES;
				CLANG_WARN_INT_CONVERSION = YES;
				CLANG_WARN_NON_LITERAL_NULL_CONVERSION = YES;
				CLANG_WARN_OBJC_IMPLICIT_RETAIN_SELF = YES;
				CLANG_WARN_OBJC_LITERAL_CONVERSION = YES;
				CLANG_WARN_OBJC_ROOT_CLASS = YES_ERROR;
				CLANG_WARN_QUOTED_INCLUDE_IN_FRAMEWORK_HEADER = YES;
				CLANG_WARN_RANGE_LOOP_ANALYSIS = YES;
				CLANG_WARN_STRICT_PROTOTYPES = YES;
				CLANG_WARN_SUSPICIOUS_MOVE = YES;
				CLANG_WARN_UNGUARDED_AVAILABILITY = YES_AGGRESSIVE;
				CLANG_WARN_UNREACHABLE_CODE = YES;
				CLANG_WARN__DUPLICATE_METHOD_MATCH = YES;
				COPY_PHASE_STRIP = NO;
				DEBUG_INFORMATION_FORMAT = dwarf;
				ENABLE_STRICT_OBJC_MSGSEND = YES;
				ENABLE_TESTABILITY = YES;
				ENABLE_USER_SCRIPT_SANDBOXING = YES;
				GCC_C_LANGUAGE_STANDARD = gnu17;
				GCC_DYNAMIC_NO_PIC = NO;
				GCC_NO_COMMON_BLOCKS = YES;
				GCC_OPTIMIZATION_LEVEL = 0;
				GCC_PREPROCESSOR_DEFINITIONS = (
					"DEBUG=1",
					"$(inherited)",
				);
				GCC_WARN_64_TO_32_BIT_CONVERSION = YES;
				GCC_WARN_ABOUT_RETURN_TYPE = YES_ERROR;
				GCC_WARN_UNDECLARED_SELECTOR = YES;
				GCC_WARN_UNINITIALIZED_AUTOS = YES_AGGRESSIVE;
				GCC_WARN_UNUSED_FUNCTION = YES;
				GCC_WARN_UNUSED_VARIABLE = YES;
				IPHONEOS_DEPLOYMENT_TARGET = 17.2;
				LOCALIZATION_PREFERS_STRING_CATALOGS = YES;
				MTL_ENABLE_DEBUG_INFO = INCLUDE_SOURCE;
				MTL_FAST_MATH = YES;
				ONLY_ACTIVE_ARCH = YES;
				SDKROOT = iphoneos;
				SWIFT_ACTIVE_COMPILATION_CONDITIONS = "DEBUG $(inherited)";
				SWIFT_OPTIMIZATION_LEVEL = "-Onone";
			};
			name = Debug;
		};
		04AC77052D6E23DC00F0D460 /* Release */ = {
			isa = XCBuildConfiguration;
			buildSettings = {
				ALWAYS_SEARCH_USER_PATHS = NO;
				ASSETCATALOG_COMPILER_GENERATE_SWIFT_ASSET_SYMBOL_EXTENSIONS = YES;
				CLANG_ANALYZER_NONNULL = YES;
				CLANG_ANALYZER_NUMBER_OBJECT_CONVERSION = YES_AGGRESSIVE;
				CLANG_CXX_LANGUAGE_STANDARD = "gnu++20";
				CLANG_ENABLE_MODULES = YES;
				CLANG_ENABLE_OBJC_ARC = YES;
				CLANG_ENABLE_OBJC_WEAK = YES;
				CLANG_WARN_BLOCK_CAPTURE_AUTORELEASING = YES;
				CLANG_WARN_BOOL_CONVERSION = YES;
				CLANG_WARN_COMMA = YES;
				CLANG_WARN_CONSTANT_CONVERSION = YES;
				CLANG_WARN_DEPRECATED_OBJC_IMPLEMENTATIONS = YES;
				CLANG_WARN_DIRECT_OBJC_ISA_USAGE = YES_ERROR;
				CLANG_WARN_DOCUMENTATION_COMMENTS = YES;
				CLANG_WARN_EMPTY_BODY = YES;
				CLANG_WARN_ENUM_CONVERSION = YES;
				CLANG_WARN_INFINITE_RECURSION = YES;
				CLANG_WARN_INT_CONVERSION = YES;
				CLANG_WARN_NON_LITERAL_NULL_CONVERSION = YES;
				CLANG_WARN_OBJC_IMPLICIT_RETAIN_SELF = YES;
				CLANG_WARN_OBJC_LITERAL_CONVERSION = YES;
				CLANG_WARN_OBJC_ROOT_CLASS = YES_ERROR;
				CLANG_WARN_QUOTED_INCLUDE_IN_FRAMEWORK_HEADER = YES;
				CLANG_WARN_RANGE_LOOP_ANALYSIS = YES;
				CLANG_WARN_STRICT_PROTOTYPES = YES;
				CLANG_WARN_SUSPICIOUS_MOVE = YES;
				CLANG_WARN_UNGUARDED_AVAILABILITY = YES_AGGRESSIVE;
				CLANG_WARN_UNREACHABLE_CODE = YES;
				CLANG_WARN__DUPLICATE_METHOD_MATCH = YES;
				COPY_PHASE_STRIP = NO;
				DEBUG_INFORMATION_FORMAT = "dwarf-with-dsym";
				ENABLE_NS_ASSERTIONS = NO;
				ENABLE_STRICT_OBJC_MSGSEND = YES;
				ENABLE_USER_SCRIPT_SANDBOXING = YES;
				GCC_C_LANGUAGE_STANDARD = gnu17;
				GCC_NO_COMMON_BLOCKS = YES;
				GCC_WARN_64_TO_32_BIT_CONVERSION = YES;
				GCC_WARN_ABOUT_RETURN_TYPE = YES_ERROR;
				GCC_WARN_UNDECLARED_SELECTOR = YES;
				GCC_WARN_UNINITIALIZED_AUTOS = YES_AGGRESSIVE;
				GCC_WARN_UNUSED_FUNCTION = YES;
				GCC_WARN_UNUSED_VARIABLE = YES;
				IPHONEOS_DEPLOYMENT_TARGET = 17.2;
				LOCALIZATION_PREFERS_STRING_CATALOGS = YES;
				MTL_ENABLE_DEBUG_INFO = NO;
				MTL_FAST_MATH = YES;
				SDKROOT = iphoneos;
				SWIFT_COMPILATION_MODE = wholemodule;
				VALIDATE_PRODUCT = YES;
			};
			name = Release;
		};
		04AC77072D6E23DC00F0D460 /* Debug */ = {
			isa = XCBuildConfiguration;
			buildSettings = {
				ASSETCATALOG_COMPILER_APPICON_NAME = AppIcon;
				ASSETCATALOG_COMPILER_GLOBAL_ACCENT_COLOR_NAME = AccentColor;
				CODE_SIGN_STYLE = Automatic;
				CURRENT_PROJECT_VERSION = 1;
				GENERATE_INFOPLIST_FILE = YES;
				INFOPLIST_FILE = CatalystMovies/Info.plist;
				INFOPLIST_KEY_UIApplicationSupportsIndirectInputEvents = YES;
				INFOPLIST_KEY_UILaunchStoryboardName = LaunchScreen;
				INFOPLIST_KEY_UIMainStoryboardFile = Main;
				INFOPLIST_KEY_UISupportedInterfaceOrientations_iPad = "UIInterfaceOrientationPortrait UIInterfaceOrientationPortraitUpsideDown UIInterfaceOrientationLandscapeLeft UIInterfaceOrientationLandscapeRight";
				INFOPLIST_KEY_UISupportedInterfaceOrientations_iPhone = "UIInterfaceOrientationPortrait UIInterfaceOrientationLandscapeLeft UIInterfaceOrientationLandscapeRight";
				LD_RUNPATH_SEARCH_PATHS = (
					"$(inherited)",
					"@executable_path/Frameworks",
				);
				MARKETING_VERSION = 1.0;
				PRODUCT_BUNDLE_IDENTIFIER = umesh.kundgar.CatalystMovies;
				PRODUCT_NAME = "$(TARGET_NAME)";
				SWIFT_EMIT_LOC_STRINGS = YES;
				SWIFT_VERSION = 5.0;
				TARGETED_DEVICE_FAMILY = "1,2";
			};
			name = Debug;
		};
		04AC77082D6E23DC00F0D460 /* Release */ = {
			isa = XCBuildConfiguration;
			buildSettings = {
				ASSETCATALOG_COMPILER_APPICON_NAME = AppIcon;
				ASSETCATALOG_COMPILER_GLOBAL_ACCENT_COLOR_NAME = AccentColor;
				CODE_SIGN_STYLE = Automatic;
				CURRENT_PROJECT_VERSION = 1;
				GENERATE_INFOPLIST_FILE = YES;
				INFOPLIST_FILE = CatalystMovies/Info.plist;
				INFOPLIST_KEY_UIApplicationSupportsIndirectInputEvents = YES;
				INFOPLIST_KEY_UILaunchStoryboardName = LaunchScreen;
				INFOPLIST_KEY_UIMainStoryboardFile = Main;
				INFOPLIST_KEY_UISupportedInterfaceOrientations_iPad = "UIInterfaceOrientationPortrait UIInterfaceOrientationPortraitUpsideDown UIInterfaceOrientationLandscapeLeft UIInterfaceOrientationLandscapeRight";
				INFOPLIST_KEY_UISupportedInterfaceOrientations_iPhone = "UIInterfaceOrientationPortrait UIInterfaceOrientationLandscapeLeft UIInterfaceOrientationLandscapeRight";
				LD_RUNPATH_SEARCH_PATHS = (
					"$(inherited)",
					"@executable_path/Frameworks",
				);
				MARKETING_VERSION = 1.0;
				PRODUCT_BUNDLE_IDENTIFIER = umesh.kundgar.CatalystMovies;
				PRODUCT_NAME = "$(TARGET_NAME)";
				SWIFT_EMIT_LOC_STRINGS = YES;
				SWIFT_VERSION = 5.0;
				TARGETED_DEVICE_FAMILY = "1,2";
			};
			name = Release;
		};
/* End XCBuildConfiguration section */

/* Begin XCConfigurationList section */
		04AC76ED2D6E23DA00F0D460 /* Build configuration list for PBXProject "CatalystMovies" */ = {
			isa = XCConfigurationList;
			buildConfigurations = (
				04AC77042D6E23DC00F0D460 /* Debug */,
				04AC77052D6E23DC00F0D460 /* Release */,
			);
			defaultConfigurationIsVisible = 0;
			defaultConfigurationName = Release;
		};
		04AC77062D6E23DC00F0D460 /* Build configuration list for PBXNativeTarget "CatalystMovies" */ = {
			isa = XCConfigurationList;
			buildConfigurations = (
				04AC77072D6E23DC00F0D460 /* Debug */,
				04AC77082D6E23DC00F0D460 /* Release */,
			);
			defaultConfigurationIsVisible = 0;
			defaultConfigurationName = Release;
		};
/* End XCConfigurationList section */
	};
	rootObject = 04AC76EA2D6E23DA00F0D460 /* Project object */;
}
